
Microsoft Visual Studio Solution File, Format Version 12.00
# Visual Studio Version 16
VisualStudioVersion = 16.0.29926.136
MinimumVisualStudioVersion = 10.0.40219.1
Project("{9A19103F-16F7-4668-BE54-9A1E7A4F7556}") = "DutchTreat", "DutchTreat.csproj", "{8BB38C2B-0E13-44CB-B1AE-38D1AAC97743}"
EndProject
Global
	GlobalSection(SolutionConfigurationPlatforms) = preSolution
		Debug|Any CPU = Debug|Any CPU
		Release|Any CPU = Release|Any CPU
	EndGlobalSection
	GlobalSection(ProjectConfigurationPlatforms) = postSolution
		{8BB38C2B-0E13-44CB-B1AE-38D1AAC97743}.Debug|Any CPU.ActiveCfg = Debug|Any CPU
		{8BB38C2B-0E13-44CB-B1AE-38D1AAC97743}.Debug|Any CPU.Build.0 = Debug|Any CPU
		{8BB38C2B-0E13-44CB-B1AE-38D1AAC97743}.Release|Any CPU.ActiveCfg = Release|Any CPU
		{8BB38C2B-0E13-44CB-B1AE-38D1AAC97743}.Release|Any CPU.Build.0 = Release|Any CPU
	EndGlobalSection
	GlobalSection(SolutionProperties) = preSolution
		HideSolutionNode = FALSE
	EndGlobalSection
	GlobalSection(ExtensibilityGlobals) = postSolution
		SolutionGuid = {14831867-874B-4B10-8E30-2CA44DB2B10F}
	EndGlobalSection
EndGlobal
